
Microsoft Visual Studio Solution File, Format Version 12.00
# Visual Studio Version 16
VisualStudioVersion = 16.0.31515.178
MinimumVisualStudioVersion = 10.0.40219.1
Project("{FAE04EC0-301F-11D3-BF4B-00C04F79EFBC}") = "kol2", "kol2\kol2.csproj", "{0BA2A229-4B94-4CC2-AB72-92DC48F5A0E5}"
EndProject
Global
	GlobalSection(SolutionConfigurationPlatforms) = preSolution
		Debug|Any CPU = Debug|Any CPU
		Release|Any CPU = Release|Any CPU
	EndGlobalSection
	GlobalSection(ProjectConfigurationPlatforms) = postSolution
		{0BA2A229-4B94-4CC2-AB72-92DC48F5A0E5}.Debug|Any CPU.ActiveCfg = Debug|Any CPU
		{0BA2A229-4B94-4CC2-AB72-92DC48F5A0E5}.Debug|Any CPU.Build.0 = Debug|Any CPU
		{0BA2A229-4B94-4CC2-AB72-92DC48F5A0E5}.Release|Any CPU.ActiveCfg = Release|Any CPU
		{0BA2A229-4B94-4CC2-AB72-92DC48F5A0E5}.Release|Any CPU.Build.0 = Release|Any CPU
	EndGlobalSection
	GlobalSection(SolutionProperties) = preSolution
		HideSolutionNode = FALSE
	EndGlobalSection
	GlobalSection(ExtensibilityGlobals) = postSolution
		SolutionGuid = {7B58B32F-BA1E-4F04-B858-82B4A8321912}
	EndGlobalSection
EndGlobal
